
Microsoft Visual Studio Solution File, Format Version 12.00
# Visual Studio Version 17
VisualStudioVersion = 17.8.34525.116
MinimumVisualStudioVersion = 10.0.40219.1
Project("{9A19103F-16F7-4668-BE54-9A1E7A4F7556}") = "Json", "Json\Json.csproj", "{DD79A3DA-8775-4B10-A9EC-31BD4B26E214}"
EndProject
Project("{9A19103F-16F7-4668-BE54-9A1E7A4F7556}") = "Data.Mockup.Library", "Data.Mockup.Library\Data.Mockup.Library.csproj", "{209FF807-46A8-4F1E-90D5-2D252CA40E2C}"
EndProject
Project("{9A19103F-16F7-4668-BE54-9A1E7A4F7556}") = "Common.Extensions.Library", "Common.Extensions.Library\Common.Extensions.Library.csproj", "{1C27CA52-A343-4249-B3C6-45AA64B37620}"
EndProject
Project("{9A19103F-16F7-4668-BE54-9A1E7A4F7556}") = "PaperScissorsRock", "PaperScissorsRock\PaperScissorsRock.csproj", "{238A593A-071C-4AEC-AC6C-EBC24995890C}"
EndProject
Project("{9A19103F-16F7-4668-BE54-9A1E7A4F7556}") = "PaperScissorsRock.Tests", "PaperScissorsRock.Tests\PaperScissorsRock.Tests.csproj", "{3E660F3E-C7E2-43FE-A3F2-4D004F872245}"
EndProject
Project("{9A19103F-16F7-4668-BE54-9A1E7A4F7556}") = "FizzBuzz", "FizzBuzz\FizzBuzz.csproj", "{270B2E61-97EB-4684-B879-53F26C87A862}"
EndProject
Project("{FAE04EC0-301F-11D3-BF4B-00C04F79EFBC}") = "ReverseString", "ReverseString\ReverseString.csproj", "{9B47A00D-859B-448D-B7F7-00176D898A3F}"
EndProject
Global
	GlobalSection(SolutionConfigurationPlatforms) = preSolution
		Debug|Any CPU = Debug|Any CPU
		Release|Any CPU = Release|Any CPU
	EndGlobalSection
	GlobalSection(ProjectConfigurationPlatforms) = postSolution
		{DD79A3DA-8775-4B10-A9EC-31BD4B26E214}.Debug|Any CPU.ActiveCfg = Debug|Any CPU
		{DD79A3DA-8775-4B10-A9EC-31BD4B26E214}.Debug|Any CPU.Build.0 = Debug|Any CPU
		{DD79A3DA-8775-4B10-A9EC-31BD4B26E214}.Release|Any CPU.ActiveCfg = Release|Any CPU
		{DD79A3DA-8775-4B10-A9EC-31BD4B26E214}.Release|Any CPU.Build.0 = Release|Any CPU
		{209FF807-46A8-4F1E-90D5-2D252CA40E2C}.Debug|Any CPU.ActiveCfg = Debug|Any CPU
		{209FF807-46A8-4F1E-90D5-2D252CA40E2C}.Debug|Any CPU.Build.0 = Debug|Any CPU
		{209FF807-46A8-4F1E-90D5-2D252CA40E2C}.Release|Any CPU.ActiveCfg = Release|Any CPU
		{209FF807-46A8-4F1E-90D5-2D252CA40E2C}.Release|Any CPU.Build.0 = Release|Any CPU
		{1C27CA52-A343-4249-B3C6-45AA64B37620}.Debug|Any CPU.ActiveCfg = Debug|Any CPU
		{1C27CA52-A343-4249-B3C6-45AA64B37620}.Debug|Any CPU.Build.0 = Debug|Any CPU
		{1C27CA52-A343-4249-B3C6-45AA64B37620}.Release|Any CPU.ActiveCfg = Release|Any CPU
		{1C27CA52-A343-4249-B3C6-45AA64B37620}.Release|Any CPU.Build.0 = Release|Any CPU
		{238A593A-071C-4AEC-AC6C-EBC24995890C}.Debug|Any CPU.ActiveCfg = Debug|Any CPU
		{238A593A-071C-4AEC-AC6C-EBC24995890C}.Debug|Any CPU.Build.0 = Debug|Any CPU
		{238A593A-071C-4AEC-AC6C-EBC24995890C}.Release|Any CPU.ActiveCfg = Release|Any CPU
		{238A593A-071C-4AEC-AC6C-EBC24995890C}.Release|Any CPU.Build.0 = Release|Any CPU
		{3E660F3E-C7E2-43FE-A3F2-4D004F872245}.Debug|Any CPU.ActiveCfg = Debug|Any CPU
		{3E660F3E-C7E2-43FE-A3F2-4D004F872245}.Debug|Any CPU.Build.0 = Debug|Any CPU
		{3E660F3E-C7E2-43FE-A3F2-4D004F872245}.Release|Any CPU.ActiveCfg = Release|Any CPU
		{3E660F3E-C7E2-43FE-A3F2-4D004F872245}.Release|Any CPU.Build.0 = Release|Any CPU
		{270B2E61-97EB-4684-B879-53F26C87A862}.Debug|Any CPU.ActiveCfg = Debug|Any CPU
		{270B2E61-97EB-4684-B879-53F26C87A862}.Debug|Any CPU.Build.0 = Debug|Any CPU
		{270B2E61-97EB-4684-B879-53F26C87A862}.Release|Any CPU.ActiveCfg = Release|Any CPU
		{270B2E61-97EB-4684-B879-53F26C87A862}.Release|Any CPU.Build.0 = Release|Any CPU
		{9B47A00D-859B-448D-B7F7-00176D898A3F}.Debug|Any CPU.ActiveCfg = Debug|Any CPU
		{9B47A00D-859B-448D-B7F7-00176D898A3F}.Debug|Any CPU.Build.0 = Debug|Any CPU
		{9B47A00D-859B-448D-B7F7-00176D898A3F}.Release|Any CPU.ActiveCfg = Release|Any CPU
		{9B47A00D-859B-448D-B7F7-00176D898A3F}.Release|Any CPU.Build.0 = Release|Any CPU
	EndGlobalSection
	GlobalSection(SolutionProperties) = preSolution
		HideSolutionNode = FALSE
	EndGlobalSection
	GlobalSection(ExtensibilityGlobals) = postSolution
		SolutionGuid = {017C9523-3341-4421-9DFA-ABDECE010403}
	EndGlobalSection
EndGlobal
